// !$*UTF8*$!
{
	archiveVersion = 1;
	classes = {
	};
	objectVersion = 56;
	objects = {

/* Begin PBXBuildFile section */
		1AB2389C2AA87CFD000B180F /* AppDelegate.swift in Sources */ = {isa = PBXBuildFile; fileRef = 1AB2389B2AA87CFD000B180F /* AppDelegate.swift */; };
		1AB2389E2AA87CFD000B180F /* SceneDelegate.swift in Sources */ = {isa = PBXBuildFile; fileRef = 1AB2389D2AA87CFD000B180F /* SceneDelegate.swift */; };
		1AB238A02AA87CFD000B180F /* ViewController.swift in Sources */ = {isa = PBXBuildFile; fileRef = 1AB2389F2AA87CFD000B180F /* ViewController.swift */; };
		1AB238A32AA87CFD000B180F /* Main.storyboard in Resources */ = {isa = PBXBuildFile; fileRef = 1AB238A12AA87CFD000B180F /* Main.storyboard */; };
		1AB238A52AA87CFE000B180F /* Assets.xcassets in Resources */ = {isa = PBXBuildFile; fileRef = 1AB238A42AA87CFE000B180F /* Assets.xcassets */; };
		1AB238A82AA87CFE000B180F /* LaunchScreen.storyboard in Resources */ = {isa = PBXBuildFile; fileRef = 1AB238A62AA87CFE000B180F /* LaunchScreen.storyboard */; };
		1AB238B32AA89836000B180F /* ExchangeManager.swift in Sources */ = {isa = PBXBuildFile; fileRef = 1AB238B22AA89836000B180F /* ExchangeManager.swift */; };
		1AB238B52AA8B468000B180F /* ExchangeModel.swift in Sources */ = {isa = PBXBuildFile; fileRef = 1AB238B42AA8B468000B180F /* ExchangeModel.swift */; };
		1AB238B92AA8E11F000B180F /* PopUpViewController.swift in Sources */ = {isa = PBXBuildFile; fileRef = 1AB238B82AA8E11F000B180F /* PopUpViewController.swift */; };
/* End PBXBuildFile section */

/* Begin PBXFileReference section */
		1AB238982AA87CFD000B180F /* Project1-Give Me the Exchange.app */ = {isa = PBXFileReference; explicitFileType = wrapper.application; includeInIndex = 0; path = "Project1-Give Me the Exchange.app"; sourceTree = BUILT_PRODUCTS_DIR; };
		1AB2389B2AA87CFD000B180F /* AppDelegate.swift */ = {isa = PBXFileReference; lastKnownFileType = sourcecode.swift; path = AppDelegate.swift; sourceTree = "<group>"; };
		1AB2389D2AA87CFD000B180F /* SceneDelegate.swift */ = {isa = PBXFileReference; lastKnownFileType = sourcecode.swift; path = SceneDelegate.swift; sourceTree = "<group>"; };
		1AB2389F2AA87CFD000B180F /* ViewController.swift */ = {isa = PBXFileReference; lastKnownFileType = sourcecode.swift; path = ViewController.swift; sourceTree = "<group>"; };
		1AB238A22AA87CFD000B180F /* Base */ = {isa = PBXFileReference; lastKnownFileType = file.storyboard; name = Base; path = Base.lproj/Main.storyboard; sourceTree = "<group>"; };
		1AB238A42AA87CFE000B180F /* Assets.xcassets */ = {isa = PBXFileReference; lastKnownFileType = folder.assetcatalog; path = Assets.xcassets; sourceTree = "<group>"; };
		1AB238A72AA87CFE000B180F /* Base */ = {isa = PBXFileReference; lastKnownFileType = file.storyboard; name = Base; path = Base.lproj/LaunchScreen.storyboard; sourceTree = "<group>"; };
		1AB238A92AA87CFE000B180F /* Info.plist */ = {isa = PBXFileReference; lastKnownFileType = text.plist.xml; path = Info.plist; sourceTree = "<group>"; };
		1AB238B22AA89836000B180F /* ExchangeManager.swift */ = {isa = PBXFileReference; lastKnownFileType = sourcecode.swift; path = ExchangeManager.swift; sourceTree = "<group>"; };
		1AB238B42AA8B468000B180F /* ExchangeModel.swift */ = {isa = PBXFileReference; lastKnownFileType = sourcecode.swift; path = ExchangeModel.swift; sourceTree = "<group>"; };
		1AB238B82AA8E11F000B180F /* PopUpViewController.swift */ = {isa = PBXFileReference; lastKnownFileType = sourcecode.swift; path = PopUpViewController.swift; sourceTree = "<group>"; };
/* End PBXFileReference section */

/* Begin PBXFrameworksBuildPhase section */
		1AB238952AA87CFD000B180F /* Frameworks */ = {
			isa = PBXFrameworksBuildPhase;
			buildActionMask = 2147483647;
			files = (
			);
			runOnlyForDeploymentPostprocessing = 0;
		};
/* End PBXFrameworksBuildPhase section */

/* Begin PBXGroup section */
		1AB2388F2AA87CFD000B180F = {
			isa = PBXGroup;
			children = (
				1AB2389A2AA87CFD000B180F /* Project1-Give Me the Exchange */,
				1AB238992AA87CFD000B180F /* Products */,
			);
			sourceTree = "<group>";
		};
		1AB238992AA87CFD000B180F /* Products */ = {
			isa = PBXGroup;
			children = (
				1AB238982AA87CFD000B180F /* Project1-Give Me the Exchange.app */,
			);
			name = Products;
			sourceTree = "<group>";
		};
		1AB2389A2AA87CFD000B180F /* Project1-Give Me the Exchange */ = {
			isa = PBXGroup;
			children = (
				1AB2389B2AA87CFD000B180F /* AppDelegate.swift */,
				1AB2389D2AA87CFD000B180F /* SceneDelegate.swift */,
				1AB238B12AA897DC000B180F /* Model */,
				1AB238AF2AA8976B000B180F /* View */,
				1AB238B02AA89783000B180F /* Controller */,
				1AB238A42AA87CFE000B180F /* Assets.xcassets */,
				1AB238A92AA87CFE000B180F /* Info.plist */,
			);
			path = "Project1-Give Me the Exchange";
			sourceTree = "<group>";
		};
		1AB238AF2AA8976B000B180F /* View */ = {
			isa = PBXGroup;
			children = (
				1AB238A12AA87CFD000B180F /* Main.storyboard */,
				1AB238A62AA87CFE000B180F /* LaunchScreen.storyboard */,
			);
			path = View;
			sourceTree = "<group>";
		};
		1AB238B02AA89783000B180F /* Controller */ = {
			isa = PBXGroup;
			children = (
				1AB2389F2AA87CFD000B180F /* ViewController.swift */,
				1AB238B82AA8E11F000B180F /* PopUpViewController.swift */,
			);
			path = Controller;
			sourceTree = "<group>";
		};
		1AB238B12AA897DC000B180F /* Model */ = {
			isa = PBXGroup;
			children = (
				1AB238B22AA89836000B180F /* ExchangeManager.swift */,
				1AB238B42AA8B468000B180F /* ExchangeModel.swift */,
			);
			path = Model;
			sourceTree = "<group>";
		};
/* End PBXGroup section */

/* Begin PBXNativeTarget section */
		1AB238972AA87CFD000B180F /* Project1-Give Me the Exchange */ = {
			isa = PBXNativeTarget;
			buildConfigurationList = 1AB238AC2AA87CFE000B180F /* Build configuration list for PBXNativeTarget "Project1-Give Me the Exchange" */;
			buildPhases = (
				1AB238942AA87CFD000B180F /* Sources */,
				1AB238952AA87CFD000B180F /* Frameworks */,
				1AB238962AA87CFD000B180F /* Resources */,
			);
			buildRules = (
			);
			dependencies = (
			);
			name = "Project1-Give Me the Exchange";
			productName = "Project1-Give Me the Exchange";
			productReference = 1AB238982AA87CFD000B180F /* Project1-Give Me the Exchange.app */;
			productType = "com.apple.product-type.application";
		};
/* End PBXNativeTarget section */

/* Begin PBXProject section */
		1AB238902AA87CFD000B180F /* Project object */ = {
			isa = PBXProject;
			attributes = {
				BuildIndependentTargetsInParallel = 1;
				LastSwiftUpdateCheck = 1430;
				LastUpgradeCheck = 1430;
				TargetAttributes = {
					1AB238972AA87CFD000B180F = {
						CreatedOnToolsVersion = 14.3;
					};
				};
			};
			buildConfigurationList = 1AB238932AA87CFD000B180F /* Build configuration list for PBXProject "Project1-Give Me the Exchange" */;
			compatibilityVersion = "Xcode 14.0";
			developmentRegion = en;
			hasScannedForEncodings = 0;
			knownRegions = (
				en,
				Base,
			);
			mainGroup = 1AB2388F2AA87CFD000B180F;
			productRefGroup = 1AB238992AA87CFD000B180F /* Products */;
			projectDirPath = "";
			projectRoot = "";
			targets = (
				1AB238972AA87CFD000B180F /* Project1-Give Me the Exchange */,
			);
		};
/* End PBXProject section */

/* Begin PBXResourcesBuildPhase section */
		1AB238962AA87CFD000B180F /* Resources */ = {
			isa = PBXResourcesBuildPhase;
			buildActionMask = 2147483647;
			files = (
				1AB238A82AA87CFE000B180F /* LaunchScreen.storyboard in Resources */,
				1AB238A52AA87CFE000B180F /* Assets.xcassets in Resources */,
				1AB238A32AA87CFD000B180F /* Main.storyboard in Resources */,
			);
			runOnlyForDeploymentPostprocessing = 0;
		};
/* End PBXResourcesBuildPhase section */

/* Begin PBXSourcesBuildPhase section */
		1AB238942AA87CFD000B180F /* Sources */ = {
			isa = PBXSourcesBuildPhase;
			buildActionMask = 2147483647;
			files = (
				1AB238B52AA8B468000B180F /* ExchangeModel.swift in Sources */,
				1AB238B92AA8E11F000B180F /* PopUpViewController.swift in Sources */,
				1AB238A02AA87CFD000B180F /* ViewController.swift in Sources */,
				1AB2389C2AA87CFD000B180F /* AppDelegate.swift in Sources */,
				1AB238B32AA89836000B180F /* ExchangeManager.swift in Sources */,
				1AB2389E2AA87CFD000B180F /* SceneDelegate.swift in Sources */,
			);
			runOnlyForDeploymentPostprocessing = 0;
		};
/* End PBXSourcesBuildPhase section */

/* Begin PBXVariantGroup section */
		1AB238A12AA87CFD000B180F /* Main.storyboard */ = {
			isa = PBXVariantGroup;
			children = (
				1AB238A22AA87CFD000B180F /* Base */,
			);
			name = Main.storyboard;
			sourceTree = "<group>";
		};
		1AB238A62AA87CFE000B180F /* LaunchScreen.storyboard */ = {
			isa = PBXVariantGroup;
			children = (
				1AB238A72AA87CFE000B180F /* Base */,
			);
			name = LaunchScreen.storyboard;
			sourceTree = "<group>";
		};
/* End PBXVariantGroup section */

/* Begin XCBuildConfiguration section */
		1AB238AA2AA87CFE000B180F /* Debug */ = {
			isa = XCBuildConfiguration;
			buildSettings = {
				ALWAYS_SEARCH_USER_PATHS = NO;
				CLANG_ANALYZER_NONNULL = YES;
				CLANG_ANALYZER_NUMBER_OBJECT_CONVERSION = YES_AGGRESSIVE;
				CLANG_CXX_LANGUAGE_STANDARD = "gnu++20";
				CLANG_ENABLE_MODULES = YES;
				CLANG_ENABLE_OBJC_ARC = YES;
				CLANG_ENABLE_OBJC_WEAK = YES;
				CLANG_WARN_BLOCK_CAPTURE_AUTORELEASING = YES;
				CLANG_WARN_BOOL_CONVERSION = YES;
				CLANG_WARN_COMMA = YES;
				CLANG_WARN_CONSTANT_CONVERSION = YES;
				CLANG_WARN_DEPRECATED_OBJC_IMPLEMENTATIONS = YES;
				CLANG_WARN_DIRECT_OBJC_ISA_USAGE = YES_ERROR;
				CLANG_WARN_DOCUMENTATION_COMMENTS = YES;
				CLANG_WARN_EMPTY_BODY = YES;
				CLANG_WARN_ENUM_CONVERSION = YES;
				CLANG_WARN_INFINITE_RECURSION = YES;
				CLANG_WARN_INT_CONVERSION = YES;
				CLANG_WARN_NON_LITERAL_NULL_CONVERSION = YES;
				CLANG_WARN_OBJC_IMPLICIT_RETAIN_SELF = YES;
				CLANG_WARN_OBJC_LITERAL_CONVERSION = YES;
				CLANG_WARN_OBJC_ROOT_CLASS = YES_ERROR;
				CLANG_WARN_QUOTED_INCLUDE_IN_FRAMEWORK_HEADER = YES;
				CLANG_WARN_RANGE_LOOP_ANALYSIS = YES;
				CLANG_WARN_STRICT_PROTOTYPES = YES;
				CLANG_WARN_SUSPICIOUS_MOVE = YES;
				CLANG_WARN_UNGUARDED_AVAILABILITY = YES_AGGRESSIVE;
				CLANG_WARN_UNREACHABLE_CODE = YES;
				CLANG_WARN__DUPLICATE_METHOD_MATCH = YES;
				COPY_PHASE_STRIP = NO;
				DEBUG_INFORMATION_FORMAT = dwarf;
				ENABLE_STRICT_OBJC_MSGSEND = YES;
				ENABLE_TESTABILITY = YES;
				GCC_C_LANGUAGE_STANDARD = gnu11;
				GCC_DYNAMIC_NO_PIC = NO;
				GCC_NO_COMMON_BLOCKS = YES;
				GCC_OPTIMIZATION_LEVEL = 0;
				GCC_PREPROCESSOR_DEFINITIONS = (
					"DEBUG=1",
					"$(inherited)",
				);
				GCC_WARN_64_TO_32_BIT_CONVERSION = YES;
				GCC_WARN_ABOUT_RETURN_TYPE = YES_ERROR;
				GCC_WARN_UNDECLARED_SELECTOR = YES;
				GCC_WARN_UNINITIALIZED_AUTOS = YES_AGGRESSIVE;
				GCC_WARN_UNUSED_FUNCTION = YES;
				GCC_WARN_UNUSED_VARIABLE = YES;
				IPHONEOS_DEPLOYMENT_TARGET = 16.4;
				MTL_ENABLE_DEBUG_INFO = INCLUDE_SOURCE;
				MTL_FAST_MATH = YES;
				ONLY_ACTIVE_ARCH = YES;
				SDKROOT = iphoneos;
				SWIFT_ACTIVE_COMPILATION_CONDITIONS = DEBUG;
				SWIFT_OPTIMIZATION_LEVEL = "-Onone";
			};
			name = Debug;
		};
		1AB238AB2AA87CFE000B180F /* Release */ = {
			isa = XCBuildConfiguration;
			buildSettings = {
				ALWAYS_SEARCH_USER_PATHS = NO;
				CLANG_ANALYZER_NONNULL = YES;
				CLANG_ANALYZER_NUMBER_OBJECT_CONVERSION = YES_AGGRESSIVE;
				CLANG_CXX_LANGUAGE_STANDARD = "gnu++20";
				CLANG_ENABLE_MODULES = YES;
				CLANG_ENABLE_OBJC_ARC = YES;
				CLANG_ENABLE_OBJC_WEAK = YES;
				CLANG_WARN_BLOCK_CAPTURE_AUTORELEASING = YES;
				CLANG_WARN_BOOL_CONVERSION = YES;
				CLANG_WARN_COMMA = YES;
				CLANG_WARN_CONSTANT_CONVERSION = YES;
				CLANG_WARN_DEPRECATED_OBJC_IMPLEMENTATIONS = YES;
				CLANG_WARN_DIRECT_OBJC_ISA_USAGE = YES_ERROR;
				CLANG_WARN_DOCUMENTATION_COMMENTS = YES;
				CLANG_WARN_EMPTY_BODY = YES;
				CLANG_WARN_ENUM_CONVERSION = YES;
				CLANG_WARN_INFINITE_RECURSION = YES;
				CLANG_WARN_INT_CONVERSION = YES;
				CLANG_WARN_NON_LITERAL_NULL_CONVERSION = YES;
				CLANG_WARN_OBJC_IMPLICIT_RETAIN_SELF = YES;
				CLANG_WARN_OBJC_LITERAL_CONVERSION = YES;
				CLANG_WARN_OBJC_ROOT_CLASS = YES_ERROR;
				CLANG_WARN_QUOTED_INCLUDE_IN_FRAMEWORK_HEADER = YES;
				CLANG_WARN_RANGE_LOOP_ANALYSIS = YES;
				CLANG_WARN_STRICT_PROTOTYPES = YES;
				CLANG_WARN_SUSPICIOUS_MOVE = YES;
				CLANG_WARN_UNGUARDED_AVAILABILITY = YES_AGGRESSIVE;
				CLANG_WARN_UNREACHABLE_CODE = YES;
				CLANG_WARN__DUPLICATE_METHOD_MATCH = YES;
				COPY_PHASE_STRIP = NO;
				DEBUG_INFORMATION_FORMAT = "dwarf-with-dsym";
				ENABLE_NS_ASSERTIONS = NO;
				ENABLE_STRICT_OBJC_MSGSEND = YES;
				GCC_C_LANGUAGE_STANDARD = gnu11;
				GCC_NO_COMMON_BLOCKS = YES;
				GCC_WARN_64_TO_32_BIT_CONVERSION = YES;
				GCC_WARN_ABOUT_RETURN_TYPE = YES_ERROR;
				GCC_WARN_UNDECLARED_SELECTOR = YES;
				GCC_WARN_UNINITIALIZED_AUTOS = YES_AGGRESSIVE;
				GCC_WARN_UNUSED_FUNCTION = YES;
				GCC_WARN_UNUSED_VARIABLE = YES;
				IPHONEOS_DEPLOYMENT_TARGET = 16.4;
				MTL_ENABLE_DEBUG_INFO = NO;
				MTL_FAST_MATH = YES;
				SDKROOT = iphoneos;
				SWIFT_COMPILATION_MODE = wholemodule;
				SWIFT_OPTIMIZATION_LEVEL = "-O";
				VALIDATE_PRODUCT = YES;
			};
			name = Release;
		};
		1AB238AD2AA87CFE000B180F /* Debug */ = {
			isa = XCBuildConfiguration;
			buildSettings = {
				ASSETCATALOG_COMPILER_APPICON_NAME = AppIcon;
				ASSETCATALOG_COMPILER_GLOBAL_ACCENT_COLOR_NAME = AccentColor;
				CODE_SIGN_STYLE = Automatic;
				CURRENT_PROJECT_VERSION = 1;
				DEVELOPMENT_TEAM = 3L566L7593;
				GENERATE_INFOPLIST_FILE = YES;
				INFOPLIST_FILE = "Project1-Give Me the Exchange/Info.plist";
				INFOPLIST_KEY_UIApplicationSupportsIndirectInputEvents = YES;
				INFOPLIST_KEY_UILaunchStoryboardName = LaunchScreen;
				INFOPLIST_KEY_UIMainStoryboardFile = Main;
				INFOPLIST_KEY_UISupportedInterfaceOrientations = "UIInterfaceOrientationLandscapeRight UIInterfaceOrientationPortrait";
				INFOPLIST_KEY_UISupportedInterfaceOrientations_iPad = "UIInterfaceOrientationLandscapeLeft UIInterfaceOrientationLandscapeRight UIInterfaceOrientationPortrait UIInterfaceOrientationPortraitUpsideDown";
				IPHONEOS_DEPLOYMENT_TARGET = 13.0;
				LD_RUNPATH_SEARCH_PATHS = (
					"$(inherited)",
					"@executable_path/Frameworks",
				);
				MARKETING_VERSION = 1.0;
				PRODUCT_BUNDLE_IDENTIFIER = "com.suhail.Project30-5-Milestone28-30";
				PRODUCT_NAME = "$(TARGET_NAME)";
				SUPPORTED_PLATFORMS = "iphoneos iphonesimulator";
				SUPPORTS_MACCATALYST = NO;
				SUPPORTS_MAC_DESIGNED_FOR_IPHONE_IPAD = NO;
				SWIFT_EMIT_LOC_STRINGS = YES;
				SWIFT_VERSION = 5.0;
				TARGETED_DEVICE_FAMILY = 1;
			};
			name = Debug;
		};
		1AB238AE2AA87CFE000B180F /* Release */ = {
			isa = XCBuildConfiguration;
			buildSettings = {
				ASSETCATALOG_COMPILER_APPICON_NAME = AppIcon;
				ASSETCATALOG_COMPILER_GLOBAL_ACCENT_COLOR_NAME = AccentColor;
				CODE_SIGN_STYLE = Automatic;
				CURRENT_PROJECT_VERSION = 1;
				DEVELOPMENT_TEAM = 3L566L7593;
				GENERATE_INFOPLIST_FILE = YES;
				INFOPLIST_FILE = "Project1-Give Me the Exchange/Info.plist";
				INFOPLIST_KEY_UIApplicationSupportsIndirectInputEvents = YES;
				INFOPLIST_KEY_UILaunchStoryboardName = LaunchScreen;
				INFOPLIST_KEY_UIMainStoryboardFile = Main;
				INFOPLIST_KEY_UISupportedInterfaceOrientations = "UIInterfaceOrientationLandscapeRight UIInterfaceOrientationPortrait";
				INFOPLIST_KEY_UISupportedInterfaceOrientations_iPad = "UIInterfaceOrientationLandscapeLeft UIInterfaceOrientationLandscapeRight UIInterfaceOrientationPortrait UIInterfaceOrientationPortraitUpsideDown";
				IPHONEOS_DEPLOYMENT_TARGET = 13.0;
				LD_RUNPATH_SEARCH_PATHS = (
					"$(inherited)",
					"@executable_path/Frameworks",
				);
				MARKETING_VERSION = 1.0;
				PRODUCT_BUNDLE_IDENTIFIER = "com.suhail.Project30-5-Milestone28-30";
				PRODUCT_NAME = "$(TARGET_NAME)";
				SUPPORTED_PLATFORMS = "iphoneos iphonesimulator";
				SUPPORTS_MACCATALYST = NO;
				SUPPORTS_MAC_DESIGNED_FOR_IPHONE_IPAD = NO;
				SWIFT_EMIT_LOC_STRINGS = YES;
				SWIFT_VERSION = 5.0;
				TARGETED_DEVICE_FAMILY = 1;
			};
			name = Release;
		};
/* End XCBuildConfiguration section */

/* Begin XCConfigurationList section */
		1AB238932AA87CFD000B180F /* Build configuration list for PBXProject "Project1-Give Me the Exchange" */ = {
			isa = XCConfigurationList;
			buildConfigurations = (
				1AB238AA2AA87CFE000B180F /* Debug */,
				1AB238AB2AA87CFE000B180F /* Release */,
			);
			defaultConfigurationIsVisible = 0;
			defaultConfigurationName = Release;
		};
		1AB238AC2AA87CFE000B180F /* Build configuration list for PBXNativeTarget "Project1-Give Me the Exchange" */ = {
			isa = XCConfigurationList;
			buildConfigurations = (
				1AB238AD2AA87CFE000B180F /* Debug */,
				1AB238AE2AA87CFE000B180F /* Release */,
			);
			defaultConfigurationIsVisible = 0;
			defaultConfigurationName = Release;
		};
/* End XCConfigurationList section */
	};
	rootObject = 1AB238902AA87CFD000B180F /* Project object */;
}
